# This file was autogenerated by Stack.
# You should not edit this file by hand.
# For more information, please see the documentation at:
#   https://docs.haskellstack.org/en/stable/lock_files

packages:
- completed:
    cabal-file:
      size: 1720
      sha256: 29ef331599a8abb5193a61c7628ff03bc0aae3f73fcb58f8401b717fd4d7e3d6
    name: cc-coverage
    version: 0.1.0.0
    git: https://github.com/pbrisbin/hs-cc-coverage
    pantry-tree:
      size: 1195
      sha256: 042e3b388c409ff5a02976124c3a51456dbfb7329b12395517640a081aa4e3bc
    commit: a37306a0fd97c74ef97dd683046ca3d833a29840
  original:
    git: https://github.com/pbrisbin/hs-cc-coverage
    commit: a37306a0fd97c74ef97dd683046ca3d833a29840
snapshots:
- completed:
    size: 499889
    url: https://raw.githubusercontent.com/commercialhaskell/stackage-snapshots/master/lts/13/26.yaml
    sha256: ecb02ee16829df8d7219e7d7fe6c310819820bf335b0b9534bce84d3ea896684
  original: lts-13.26
