# This file was autogenerated by Stack.
# You should not edit this file by hand.
# For more information, please see the documentation at:
#   https://docs.haskellstack.org/en/stable/lock_files

packages:
- completed:
    hackage: annotated-exception-0.2.0.4@sha256:3d499515d64d64ecc1a43a8ebbc70b24020e1ed2cbf8726039d282d87d8cb0ed,1785
    pantry-tree:
      sha256: f3080caecc6e12cd3d341f56732ef8528f2b8dd2e7230d86453cbdac5d406736
      size: 776
  original:
    hackage: annotated-exception-0.2.0.4
snapshots:
- completed:
    sha256: 637fb77049b25560622a224845b7acfe81a09fdb6a96a3c75997a10b651667f6
    size: 534126
    url: https://raw.githubusercontent.com/commercialhaskell/stackage-snapshots/master/lts/16/31.yaml
  original: lts-16.31
