# This file was autogenerated by Stack.
# You should not edit this file by hand.
# For more information, please see the documentation at:
#   https://docs.haskellstack.org/en/stable/lock_files

packages: []
snapshots:
- completed:
    size: 434661
    url: https://raw.githubusercontent.com/commercialhaskell/stackage-snapshots/master/nightly/2019/11/29.yaml
    sha256: 9edba401b588c0b8359262043b51f0bd33e2334802f0a1467eb660a23601eaf6
  original: nightly-2019-11-29
