# This file was autogenerated by Stack.
# You should not edit this file by hand.
# For more information, please see the documentation at:
#   https://docs.haskellstack.org/en/stable/lock_files

packages:
- completed:
    hackage: bugsnag-hs-0.2.0.8@sha256:978e699292a3910040f1525335284fb066c1c81f82130769df146c134dfecc64,1525
    pantry-tree:
      size: 456
      sha256: b3959ee9116623e6a44a842521bd8a4396549d22c118d249d77ebc02c6ab8630
  original:
    hackage: bugsnag-hs-0.2.0.8@sha256:978e699292a3910040f1525335284fb066c1c81f82130769df146c134dfecc64,1525
snapshots:
- completed:
    size: 524804
    url: https://raw.githubusercontent.com/commercialhaskell/stackage-snapshots/master/lts/14/16.yaml
    sha256: 4d1519a4372d051d47a5eae2241cf3fb54e113d7475f89707ddb6ec06add2888
  original: lts-14.16
