# This file was autogenerated by Stack.
# You should not edit this file by hand.
# For more information, please see the documentation at:
#   https://docs.haskellstack.org/en/stable/lock_files

packages:
- completed:
    hackage: annotated-exception-0.2.0.3@sha256:3b648717c060cf808435738d85e94e78b144eb8267c281c8cc87edb99a18393e,1785
    pantry-tree:
      sha256: 4412649314f4bebda75c31bc2f6bcb56701af2eea04218e678709b440179055e
      size: 776
  original:
    hackage: annotated-exception-0.2.0.3
- completed:
    hackage: bugsnag-hs-0.2.0.8@sha256:978e699292a3910040f1525335284fb066c1c81f82130769df146c134dfecc64,1525
    pantry-tree:
      sha256: b3959ee9116623e6a44a842521bd8a4396549d22c118d249d77ebc02c6ab8630
      size: 456
  original:
    hackage: bugsnag-hs-0.2.0.8
snapshots:
- completed:
    sha256: 7ea31a280c56bf36ff591a7397cc384d0dff622e7f9e4225b47d8980f019a0f0
    size: 524996
    url: https://raw.githubusercontent.com/commercialhaskell/stackage-snapshots/master/lts/14/27.yaml
  original: lts-14.27
