# This file was autogenerated by Stack.
# You should not edit this file by hand.
# For more information, please see the documentation at:
#   https://docs.haskellstack.org/en/stable/lock_files

packages: []
snapshots:
- completed:
    size: 538913
    url: https://raw.githubusercontent.com/commercialhaskell/stackage-snapshots/master/nightly/2022/3/28.yaml
    sha256: b4fda0a9cf410660b08bdc7485925e7e89aa77071a14d3f67eeace63ce602a86
  original: nightly-2022-03-28
